
Microsoft Visual Studio Solution File, Format Version 12.00
# Visual Studio Version 17
VisualStudioVersion = 17.5.33502.453
MinimumVisualStudioVersion = 10.0.40219.1
Project("{9A19103F-16F7-4668-BE54-9A1E7A4F7556}") = "SampleProjectNoApi", "ParsekTech\SampleProjectNoApi.csproj", "{E1B1803D-77C3-4F12-9F93-BFFA71ABC277}"
EndProject
Project("{9A19103F-16F7-4668-BE54-9A1E7A4F7556}") = "BusinessLayer", "BusinessLayer\BusinessLayer.csproj", "{EFE18850-E0E0-47DA-BF9C-E568A311A504}"
EndProject
Project("{9A19103F-16F7-4668-BE54-9A1E7A4F7556}") = "EntityLayer", "EntityLayer\EntityLayer.csproj", "{2E82DA0C-F75F-4550-A407-3F2DB5191738}"
EndProject
Project("{9A19103F-16F7-4668-BE54-9A1E7A4F7556}") = "DataAccessLayer", "DataAccessLayer\DataAccessLayer.csproj", "{FC5C5642-5E8E-45C3-A27B-B8B2645171F4}"
EndProject
Project("{9A19103F-16F7-4668-BE54-9A1E7A4F7556}") = "ModelsLayer", "ModelsLayer\ModelsLayer.csproj", "{86D8771B-1BCF-459D-BF4F-754FA8D50F71}"
EndProject
Global
	GlobalSection(SolutionConfigurationPlatforms) = preSolution
		Debug|Any CPU = Debug|Any CPU
		Release|Any CPU = Release|Any CPU
	EndGlobalSection
	GlobalSection(ProjectConfigurationPlatforms) = postSolution
		{E1B1803D-77C3-4F12-9F93-BFFA71ABC277}.Debug|Any CPU.ActiveCfg = Debug|Any CPU
		{E1B1803D-77C3-4F12-9F93-BFFA71ABC277}.Debug|Any CPU.Build.0 = Debug|Any CPU
		{E1B1803D-77C3-4F12-9F93-BFFA71ABC277}.Release|Any CPU.ActiveCfg = Release|Any CPU
		{E1B1803D-77C3-4F12-9F93-BFFA71ABC277}.Release|Any CPU.Build.0 = Release|Any CPU
		{EFE18850-E0E0-47DA-BF9C-E568A311A504}.Debug|Any CPU.ActiveCfg = Debug|Any CPU
		{EFE18850-E0E0-47DA-BF9C-E568A311A504}.Debug|Any CPU.Build.0 = Debug|Any CPU
		{EFE18850-E0E0-47DA-BF9C-E568A311A504}.Release|Any CPU.ActiveCfg = Release|Any CPU
		{EFE18850-E0E0-47DA-BF9C-E568A311A504}.Release|Any CPU.Build.0 = Release|Any CPU
		{2E82DA0C-F75F-4550-A407-3F2DB5191738}.Debug|Any CPU.ActiveCfg = Debug|Any CPU
		{2E82DA0C-F75F-4550-A407-3F2DB5191738}.Debug|Any CPU.Build.0 = Debug|Any CPU
		{2E82DA0C-F75F-4550-A407-3F2DB5191738}.Release|Any CPU.ActiveCfg = Release|Any CPU
		{2E82DA0C-F75F-4550-A407-3F2DB5191738}.Release|Any CPU.Build.0 = Release|Any CPU
		{FC5C5642-5E8E-45C3-A27B-B8B2645171F4}.Debug|Any CPU.ActiveCfg = Debug|Any CPU
		{FC5C5642-5E8E-45C3-A27B-B8B2645171F4}.Debug|Any CPU.Build.0 = Debug|Any CPU
		{FC5C5642-5E8E-45C3-A27B-B8B2645171F4}.Release|Any CPU.ActiveCfg = Release|Any CPU
		{FC5C5642-5E8E-45C3-A27B-B8B2645171F4}.Release|Any CPU.Build.0 = Release|Any CPU
		{86D8771B-1BCF-459D-BF4F-754FA8D50F71}.Debug|Any CPU.ActiveCfg = Debug|Any CPU
		{86D8771B-1BCF-459D-BF4F-754FA8D50F71}.Debug|Any CPU.Build.0 = Debug|Any CPU
		{86D8771B-1BCF-459D-BF4F-754FA8D50F71}.Release|Any CPU.ActiveCfg = Release|Any CPU
		{86D8771B-1BCF-459D-BF4F-754FA8D50F71}.Release|Any CPU.Build.0 = Release|Any CPU
	EndGlobalSection
	GlobalSection(SolutionProperties) = preSolution
		HideSolutionNode = FALSE
	EndGlobalSection
	GlobalSection(ExtensibilityGlobals) = postSolution
		SolutionGuid = {47B2BCDC-F7FE-461B-9AAB-4B18E9C01ECB}
	EndGlobalSection
EndGlobal
